
Microsoft Visual Studio Solution File, Format Version 12.00
Project("{FAE04EC0-301F-11D3-BF4B-00C04F79EFBC}") = "task02", "task02\task02.csproj", "{06F295B0-1840-4C34-A1C3-95A6064882D5}"
EndProject
Project("{FAE04EC0-301F-11D3-BF4B-00C04F79EFBC}") = "task06", "task06\task06.csproj", "{65356872-D709-408D-9B22-CD4FB5B78A9A}"
EndProject
Project("{FAE04EC0-301F-11D3-BF4B-00C04F79EFBC}") = "task07", "task07\task07.csproj", "{B1D73D08-A298-4D5C-9B83-87FCDE64CE92}"
EndProject
Global
	GlobalSection(SolutionConfigurationPlatforms) = preSolution
		Debug|Any CPU = Debug|Any CPU
		Release|Any CPU = Release|Any CPU
	EndGlobalSection
	GlobalSection(ProjectConfigurationPlatforms) = postSolution
		{06F295B0-1840-4C34-A1C3-95A6064882D5}.Debug|Any CPU.ActiveCfg = Debug|Any CPU
		{06F295B0-1840-4C34-A1C3-95A6064882D5}.Debug|Any CPU.Build.0 = Debug|Any CPU
		{06F295B0-1840-4C34-A1C3-95A6064882D5}.Release|Any CPU.ActiveCfg = Release|Any CPU
		{06F295B0-1840-4C34-A1C3-95A6064882D5}.Release|Any CPU.Build.0 = Release|Any CPU
		{65356872-D709-408D-9B22-CD4FB5B78A9A}.Debug|Any CPU.ActiveCfg = Debug|Any CPU
		{65356872-D709-408D-9B22-CD4FB5B78A9A}.Debug|Any CPU.Build.0 = Debug|Any CPU
		{65356872-D709-408D-9B22-CD4FB5B78A9A}.Release|Any CPU.ActiveCfg = Release|Any CPU
		{65356872-D709-408D-9B22-CD4FB5B78A9A}.Release|Any CPU.Build.0 = Release|Any CPU
		{B1D73D08-A298-4D5C-9B83-87FCDE64CE92}.Debug|Any CPU.ActiveCfg = Debug|Any CPU
		{B1D73D08-A298-4D5C-9B83-87FCDE64CE92}.Debug|Any CPU.Build.0 = Debug|Any CPU
		{B1D73D08-A298-4D5C-9B83-87FCDE64CE92}.Release|Any CPU.ActiveCfg = Release|Any CPU
		{B1D73D08-A298-4D5C-9B83-87FCDE64CE92}.Release|Any CPU.Build.0 = Release|Any CPU
	EndGlobalSection
EndGlobal
