
Microsoft Visual Studio Solution File, Format Version 12.00
# Visual Studio Version 16
VisualStudioVersion = 16.0.31624.102
MinimumVisualStudioVersion = 10.0.40219.1
Project("{FAE04EC0-301F-11D3-BF4B-00C04F79EFBC}") = "Task01", "Task01\Task01.csproj", "{40EA30B0-289A-4CA4-896B-555ED9AF749A}"
EndProject
Global
	GlobalSection(SolutionConfigurationPlatforms) = preSolution
		Debug|Any CPU = Debug|Any CPU
		Release|Any CPU = Release|Any CPU
	EndGlobalSection
	GlobalSection(ProjectConfigurationPlatforms) = postSolution
		{40EA30B0-289A-4CA4-896B-555ED9AF749A}.Debug|Any CPU.ActiveCfg = Debug|Any CPU
		{40EA30B0-289A-4CA4-896B-555ED9AF749A}.Debug|Any CPU.Build.0 = Debug|Any CPU
		{40EA30B0-289A-4CA4-896B-555ED9AF749A}.Release|Any CPU.ActiveCfg = Release|Any CPU
		{40EA30B0-289A-4CA4-896B-555ED9AF749A}.Release|Any CPU.Build.0 = Release|Any CPU
	EndGlobalSection
	GlobalSection(SolutionProperties) = preSolution
		HideSolutionNode = FALSE
	EndGlobalSection
	GlobalSection(ExtensibilityGlobals) = postSolution
		SolutionGuid = {C88AEC77-46F7-4390-ADDC-F81D062CEC55}
	EndGlobalSection
EndGlobal
