
Microsoft Visual Studio Solution File, Format Version 12.00
# Visual Studio Version 16
VisualStudioVersion = 16.0.31624.102
MinimumVisualStudioVersion = 10.0.40219.1
Project("{FAE04EC0-301F-11D3-BF4B-00C04F79EFBC}") = "Task01", "Task01\Task01.csproj", "{7E52508E-628F-4642-91EE-4173EB1A0322}"
EndProject
Global
	GlobalSection(SolutionConfigurationPlatforms) = preSolution
		Debug|Any CPU = Debug|Any CPU
		Release|Any CPU = Release|Any CPU
	EndGlobalSection
	GlobalSection(ProjectConfigurationPlatforms) = postSolution
		{7E52508E-628F-4642-91EE-4173EB1A0322}.Debug|Any CPU.ActiveCfg = Debug|Any CPU
		{7E52508E-628F-4642-91EE-4173EB1A0322}.Debug|Any CPU.Build.0 = Debug|Any CPU
		{7E52508E-628F-4642-91EE-4173EB1A0322}.Release|Any CPU.ActiveCfg = Release|Any CPU
		{7E52508E-628F-4642-91EE-4173EB1A0322}.Release|Any CPU.Build.0 = Release|Any CPU
	EndGlobalSection
	GlobalSection(SolutionProperties) = preSolution
		HideSolutionNode = FALSE
	EndGlobalSection
	GlobalSection(ExtensibilityGlobals) = postSolution
		SolutionGuid = {F1CAD67C-C107-4571-80CB-F5D0E600DFA5}
	EndGlobalSection
EndGlobal
