
Microsoft Visual Studio Solution File, Format Version 12.00
Project("{FAE04EC0-301F-11D3-BF4B-00C04F79EFBC}") = "task01", "task01\task01.csproj", "{F9AEFEBB-8090-4685-98E4-E752BB1BEAB2}"
EndProject
Project("{FAE04EC0-301F-11D3-BF4B-00C04F79EFBC}") = "task02", "task02\task02.csproj", "{B8ADADA1-578C-4C76-86ED-CDDC515C9351}"
EndProject
Project("{FAE04EC0-301F-11D3-BF4B-00C04F79EFBC}") = "task03", "task03\task03.csproj", "{7F9F696C-EA96-4ACA-980A-4BF52E2D1083}"
EndProject
Project("{FAE04EC0-301F-11D3-BF4B-00C04F79EFBC}") = "task04", "task04\task04.csproj", "{7A015AEF-EFF1-44C2-ABE2-BD5A151946BF}"
EndProject
Project("{FAE04EC0-301F-11D3-BF4B-00C04F79EFBC}") = "task05", "task05\task05.csproj", "{5AB317B8-A105-4076-B26E-F6FCC3B1B6A7}"
EndProject
Project("{FAE04EC0-301F-11D3-BF4B-00C04F79EFBC}") = "task06", "task06\task06.csproj", "{45C1901F-57C2-416C-96F0-5F83E50D309C}"
EndProject
Project("{FAE04EC0-301F-11D3-BF4B-00C04F79EFBC}") = "task07", "task07\task07.csproj", "{3ACACD55-9DFA-47C7-A96D-6A60E09DB72F}"
EndProject
Global
	GlobalSection(SolutionConfigurationPlatforms) = preSolution
		Debug|Any CPU = Debug|Any CPU
		Release|Any CPU = Release|Any CPU
	EndGlobalSection
	GlobalSection(ProjectConfigurationPlatforms) = postSolution
		{F9AEFEBB-8090-4685-98E4-E752BB1BEAB2}.Debug|Any CPU.ActiveCfg = Debug|Any CPU
		{F9AEFEBB-8090-4685-98E4-E752BB1BEAB2}.Debug|Any CPU.Build.0 = Debug|Any CPU
		{F9AEFEBB-8090-4685-98E4-E752BB1BEAB2}.Release|Any CPU.ActiveCfg = Release|Any CPU
		{F9AEFEBB-8090-4685-98E4-E752BB1BEAB2}.Release|Any CPU.Build.0 = Release|Any CPU
		{B8ADADA1-578C-4C76-86ED-CDDC515C9351}.Debug|Any CPU.ActiveCfg = Debug|Any CPU
		{B8ADADA1-578C-4C76-86ED-CDDC515C9351}.Debug|Any CPU.Build.0 = Debug|Any CPU
		{B8ADADA1-578C-4C76-86ED-CDDC515C9351}.Release|Any CPU.ActiveCfg = Release|Any CPU
		{B8ADADA1-578C-4C76-86ED-CDDC515C9351}.Release|Any CPU.Build.0 = Release|Any CPU
		{7F9F696C-EA96-4ACA-980A-4BF52E2D1083}.Debug|Any CPU.ActiveCfg = Debug|Any CPU
		{7F9F696C-EA96-4ACA-980A-4BF52E2D1083}.Debug|Any CPU.Build.0 = Debug|Any CPU
		{7F9F696C-EA96-4ACA-980A-4BF52E2D1083}.Release|Any CPU.ActiveCfg = Release|Any CPU
		{7F9F696C-EA96-4ACA-980A-4BF52E2D1083}.Release|Any CPU.Build.0 = Release|Any CPU
		{7A015AEF-EFF1-44C2-ABE2-BD5A151946BF}.Debug|Any CPU.ActiveCfg = Debug|Any CPU
		{7A015AEF-EFF1-44C2-ABE2-BD5A151946BF}.Debug|Any CPU.Build.0 = Debug|Any CPU
		{7A015AEF-EFF1-44C2-ABE2-BD5A151946BF}.Release|Any CPU.ActiveCfg = Release|Any CPU
		{7A015AEF-EFF1-44C2-ABE2-BD5A151946BF}.Release|Any CPU.Build.0 = Release|Any CPU
		{5AB317B8-A105-4076-B26E-F6FCC3B1B6A7}.Debug|Any CPU.ActiveCfg = Debug|Any CPU
		{5AB317B8-A105-4076-B26E-F6FCC3B1B6A7}.Debug|Any CPU.Build.0 = Debug|Any CPU
		{5AB317B8-A105-4076-B26E-F6FCC3B1B6A7}.Release|Any CPU.ActiveCfg = Release|Any CPU
		{5AB317B8-A105-4076-B26E-F6FCC3B1B6A7}.Release|Any CPU.Build.0 = Release|Any CPU
		{45C1901F-57C2-416C-96F0-5F83E50D309C}.Debug|Any CPU.ActiveCfg = Debug|Any CPU
		{45C1901F-57C2-416C-96F0-5F83E50D309C}.Debug|Any CPU.Build.0 = Debug|Any CPU
		{45C1901F-57C2-416C-96F0-5F83E50D309C}.Release|Any CPU.ActiveCfg = Release|Any CPU
		{45C1901F-57C2-416C-96F0-5F83E50D309C}.Release|Any CPU.Build.0 = Release|Any CPU
		{3ACACD55-9DFA-47C7-A96D-6A60E09DB72F}.Debug|Any CPU.ActiveCfg = Debug|Any CPU
		{3ACACD55-9DFA-47C7-A96D-6A60E09DB72F}.Debug|Any CPU.Build.0 = Debug|Any CPU
		{3ACACD55-9DFA-47C7-A96D-6A60E09DB72F}.Release|Any CPU.ActiveCfg = Release|Any CPU
		{3ACACD55-9DFA-47C7-A96D-6A60E09DB72F}.Release|Any CPU.Build.0 = Release|Any CPU
	EndGlobalSection
EndGlobal
